
Microsoft Visual Studio Solution File, Format Version 12.00
# Visual Studio Version 16
VisualStudioVersion = 16.0.33214.272
MinimumVisualStudioVersion = 10.0.40219.1
Project("{FAE04EC0-301F-11D3-BF4B-00C04F79EFBC}") = "Mission6_jslaugh8", "Mission6_jslaugh8\Mission6_jslaugh8.csproj", "{C1DA11BB-3D5E-4F2F-8F04-B4112C9057FD}"
EndProject
Global
	GlobalSection(SolutionConfigurationPlatforms) = preSolution
		Debug|Any CPU = Debug|Any CPU
		Release|Any CPU = Release|Any CPU
	EndGlobalSection
	GlobalSection(ProjectConfigurationPlatforms) = postSolution
		{C1DA11BB-3D5E-4F2F-8F04-B4112C9057FD}.Debug|Any CPU.ActiveCfg = Debug|Any CPU
		{C1DA11BB-3D5E-4F2F-8F04-B4112C9057FD}.Debug|Any CPU.Build.0 = Debug|Any CPU
		{C1DA11BB-3D5E-4F2F-8F04-B4112C9057FD}.Release|Any CPU.ActiveCfg = Release|Any CPU
		{C1DA11BB-3D5E-4F2F-8F04-B4112C9057FD}.Release|Any CPU.Build.0 = Release|Any CPU
	EndGlobalSection
	GlobalSection(SolutionProperties) = preSolution
		HideSolutionNode = FALSE
	EndGlobalSection
	GlobalSection(ExtensibilityGlobals) = postSolution
		SolutionGuid = {80D57A11-EA5B-48ED-90C3-EA4642160D28}
	EndGlobalSection
EndGlobal
